
Microsoft Visual Studio Solution File, Format Version 12.00
# Visual Studio Version 16
VisualStudioVersion = 16.0.31205.134
MinimumVisualStudioVersion = 10.0.40219.1
Project("{FAE04EC0-301F-11D3-BF4B-00C04F79EFBC}") = "ExamenFinal", "ExamenFinal\ExamenFinal.csproj", "{3607E491-29D9-4E06-BB40-56F4BA535586}"
EndProject
Global
	GlobalSection(SolutionConfigurationPlatforms) = preSolution
		Debug|Any CPU = Debug|Any CPU
		Release|Any CPU = Release|Any CPU
	EndGlobalSection
	GlobalSection(ProjectConfigurationPlatforms) = postSolution
		{3607E491-29D9-4E06-BB40-56F4BA535586}.Debug|Any CPU.ActiveCfg = Debug|Any CPU
		{3607E491-29D9-4E06-BB40-56F4BA535586}.Debug|Any CPU.Build.0 = Debug|Any CPU
		{3607E491-29D9-4E06-BB40-56F4BA535586}.Release|Any CPU.ActiveCfg = Release|Any CPU
		{3607E491-29D9-4E06-BB40-56F4BA535586}.Release|Any CPU.Build.0 = Release|Any CPU
	EndGlobalSection
	GlobalSection(SolutionProperties) = preSolution
		HideSolutionNode = FALSE
	EndGlobalSection
	GlobalSection(ExtensibilityGlobals) = postSolution
		SolutionGuid = {B2801DB7-85F8-48D4-B9E1-A8123324BE99}
	EndGlobalSection
EndGlobal
